// !$*UTF8*$!
{
	archiveVersion = 1;
	classes = {
	};
	objectVersion = 46;
	objects = {

/* Begin PBXBuildFile section */
		CFDD966621E15D1200054DF3 /* AppDelegate.swift in Sources */ = {isa = PBXBuildFile; fileRef = CFDD966521E15D1200054DF3 /* AppDelegate.swift */; };
		CFDD966821E15D1200054DF3 /* ViewController.swift in Sources */ = {isa = PBXBuildFile; fileRef = CFDD966721E15D1200054DF3 /* ViewController.swift */; };
		CFDD966B21E15D1200054DF3 /* Main.storyboard in Resources */ = {isa = PBXBuildFile; fileRef = CFDD966921E15D1200054DF3 /* Main.storyboard */; };
		CFDD966E21E15D1300054DF3 /* app_tasklist.xcdatamodeld in Sources */ = {isa = PBXBuildFile; fileRef = CFDD966C21E15D1200054DF3 /* app_tasklist.xcdatamodeld */; };
		CFDD967021E15D1300054DF3 /* Assets.xcassets in Resources */ = {isa = PBXBuildFile; fileRef = CFDD966F21E15D1300054DF3 /* Assets.xcassets */; };
		CFDD967321E15D1300054DF3 /* LaunchScreen.storyboard in Resources */ = {isa = PBXBuildFile; fileRef = CFDD967121E15D1300054DF3 /* LaunchScreen.storyboard */; };
		CFDD967E21E15D1300054DF3 /* app_tasklistTests.swift in Sources */ = {isa = PBXBuildFile; fileRef = CFDD967D21E15D1300054DF3 /* app_tasklistTests.swift */; };
/* End PBXBuildFile section */

/* Begin PBXContainerItemProxy section */
		CFDD967A21E15D1300054DF3 /* PBXContainerItemProxy */ = {
			isa = PBXContainerItemProxy;
			containerPortal = CFDD965A21E15D1200054DF3 /* Project object */;
			proxyType = 1;
			remoteGlobalIDString = CFDD966121E15D1200054DF3;
			remoteInfo = "app-tasklist";
		};
/* End PBXContainerItemProxy section */

/* Begin PBXFileReference section */
		CFDD966221E15D1200054DF3 /* app-tasklist.app */ = {isa = PBXFileReference; explicitFileType = wrapper.application; includeInIndex = 0; path = "app-tasklist.app"; sourceTree = BUILT_PRODUCTS_DIR; };
		CFDD966521E15D1200054DF3 /* AppDelegate.swift */ = {isa = PBXFileReference; lastKnownFileType = sourcecode.swift; path = AppDelegate.swift; sourceTree = "<group>"; };
		CFDD966721E15D1200054DF3 /* ViewController.swift */ = {isa = PBXFileReference; lastKnownFileType = sourcecode.swift; path = ViewController.swift; sourceTree = "<group>"; };
		CFDD966A21E15D1200054DF3 /* Base */ = {isa = PBXFileReference; lastKnownFileType = file.storyboard; name = Base; path = Base.lproj/Main.storyboard; sourceTree = "<group>"; };
		CFDD966D21E15D1200054DF3 /* app_tasklist.xcdatamodel */ = {isa = PBXFileReference; lastKnownFileType = wrapper.xcdatamodel; path = app_tasklist.xcdatamodel; sourceTree = "<group>"; };
		CFDD966F21E15D1300054DF3 /* Assets.xcassets */ = {isa = PBXFileReference; lastKnownFileType = folder.assetcatalog; path = Assets.xcassets; sourceTree = "<group>"; };
		CFDD967221E15D1300054DF3 /* Base */ = {isa = PBXFileReference; lastKnownFileType = file.storyboard; name = Base; path = Base.lproj/LaunchScreen.storyboard; sourceTree = "<group>"; };
		CFDD967421E15D1300054DF3 /* Info.plist */ = {isa = PBXFileReference; lastKnownFileType = text.plist.xml; path = Info.plist; sourceTree = "<group>"; };
		CFDD967921E15D1300054DF3 /* app-tasklistTests.xctest */ = {isa = PBXFileReference; explicitFileType = wrapper.cfbundle; includeInIndex = 0; path = "app-tasklistTests.xctest"; sourceTree = BUILT_PRODUCTS_DIR; };
		CFDD967D21E15D1300054DF3 /* app_tasklistTests.swift */ = {isa = PBXFileReference; lastKnownFileType = sourcecode.swift; path = app_tasklistTests.swift; sourceTree = "<group>"; };
		CFDD967F21E15D1300054DF3 /* Info.plist */ = {isa = PBXFileReference; lastKnownFileType = text.plist.xml; path = Info.plist; sourceTree = "<group>"; };
/* End PBXFileReference section */

/* Begin PBXFrameworksBuildPhase section */
		CFDD965F21E15D1200054DF3 /* Frameworks */ = {
			isa = PBXFrameworksBuildPhase;
			buildActionMask = 2147483647;
			files = (
			);
			runOnlyForDeploymentPostprocessing = 0;
		};
		CFDD967621E15D1300054DF3 /* Frameworks */ = {
			isa = PBXFrameworksBuildPhase;
			buildActionMask = 2147483647;
			files = (
			);
			runOnlyForDeploymentPostprocessing = 0;
		};
/* End PBXFrameworksBuildPhase section */

/* Begin PBXGroup section */
		CFDD965921E15D1200054DF3 = {
			isa = PBXGroup;
			children = (
				CFDD966421E15D1200054DF3 /* app-tasklist */,
				CFDD967C21E15D1300054DF3 /* app-tasklistTests */,
				CFDD966321E15D1200054DF3 /* Products */,
			);
			sourceTree = "<group>";
		};
		CFDD966321E15D1200054DF3 /* Products */ = {
			isa = PBXGroup;
			children = (
				CFDD966221E15D1200054DF3 /* app-tasklist.app */,
				CFDD967921E15D1300054DF3 /* app-tasklistTests.xctest */,
			);
			name = Products;
			sourceTree = "<group>";
		};
		CFDD966421E15D1200054DF3 /* app-tasklist */ = {
			isa = PBXGroup;
			children = (
				CFDD966521E15D1200054DF3 /* AppDelegate.swift */,
				CFDD966721E15D1200054DF3 /* ViewController.swift */,
				CFDD966921E15D1200054DF3 /* Main.storyboard */,
				CFDD966F21E15D1300054DF3 /* Assets.xcassets */,
				CFDD967121E15D1300054DF3 /* LaunchScreen.storyboard */,
				CFDD967421E15D1300054DF3 /* Info.plist */,
				CFDD966C21E15D1200054DF3 /* app_tasklist.xcdatamodeld */,
			);
			path = "app-tasklist";
			sourceTree = "<group>";
		};
		CFDD967C21E15D1300054DF3 /* app-tasklistTests */ = {
			isa = PBXGroup;
			children = (
				CFDD967D21E15D1300054DF3 /* app_tasklistTests.swift */,
				CFDD967F21E15D1300054DF3 /* Info.plist */,
			);
			path = "app-tasklistTests";
			sourceTree = "<group>";
		};
/* End PBXGroup section */

/* Begin PBXNativeTarget section */
		CFDD966121E15D1200054DF3 /* app-tasklist */ = {
			isa = PBXNativeTarget;
			buildConfigurationList = CFDD968221E15D1300054DF3 /* Build configuration list for PBXNativeTarget "app-tasklist" */;
			buildPhases = (
				CFDD965E21E15D1200054DF3 /* Sources */,
				CFDD965F21E15D1200054DF3 /* Frameworks */,
				CFDD966021E15D1200054DF3 /* Resources */,
			);
			buildRules = (
			);
			dependencies = (
			);
			name = "app-tasklist";
			productName = "app-tasklist";
			productReference = CFDD966221E15D1200054DF3 /* app-tasklist.app */;
			productType = "com.apple.product-type.application";
		};
		CFDD967821E15D1300054DF3 /* app-tasklistTests */ = {
			isa = PBXNativeTarget;
			buildConfigurationList = CFDD968521E15D1300054DF3 /* Build configuration list for PBXNativeTarget "app-tasklistTests" */;
			buildPhases = (
				CFDD967521E15D1300054DF3 /* Sources */,
				CFDD967621E15D1300054DF3 /* Frameworks */,
				CFDD967721E15D1300054DF3 /* Resources */,
			);
			buildRules = (
			);
			dependencies = (
				CFDD967B21E15D1300054DF3 /* PBXTargetDependency */,
			);
			name = "app-tasklistTests";
			productName = "app-tasklistTests";
			productReference = CFDD967921E15D1300054DF3 /* app-tasklistTests.xctest */;
			productType = "com.apple.product-type.bundle.unit-test";
		};
/* End PBXNativeTarget section */

/* Begin PBXProject section */
		CFDD965A21E15D1200054DF3 /* Project object */ = {
			isa = PBXProject;
			attributes = {
				LastSwiftUpdateCheck = 0830;
				LastUpgradeCheck = 0830;
				ORGANIZATIONNAME = maxwell;
				TargetAttributes = {
					CFDD966121E15D1200054DF3 = {
						CreatedOnToolsVersion = 8.3;
						ProvisioningStyle = Automatic;
					};
					CFDD967821E15D1300054DF3 = {
						CreatedOnToolsVersion = 8.3;
						ProvisioningStyle = Automatic;
						TestTargetID = CFDD966121E15D1200054DF3;
					};
				};
			};
			buildConfigurationList = CFDD965D21E15D1200054DF3 /* Build configuration list for PBXProject "app-tasklist" */;
			compatibilityVersion = "Xcode 3.2";
			developmentRegion = English;
			hasScannedForEncodings = 0;
			knownRegions = (
				en,
				Base,
			);
			mainGroup = CFDD965921E15D1200054DF3;
			productRefGroup = CFDD966321E15D1200054DF3 /* Products */;
			projectDirPath = "";
			projectRoot = "";
			targets = (
				CFDD966121E15D1200054DF3 /* app-tasklist */,
				CFDD967821E15D1300054DF3 /* app-tasklistTests */,
			);
		};
/* End PBXProject section */

/* Begin PBXResourcesBuildPhase section */
		CFDD966021E15D1200054DF3 /* Resources */ = {
			isa = PBXResourcesBuildPhase;
			buildActionMask = 2147483647;
			files = (
				CFDD967321E15D1300054DF3 /* LaunchScreen.storyboard in Resources */,
				CFDD967021E15D1300054DF3 /* Assets.xcassets in Resources */,
				CFDD966B21E15D1200054DF3 /* Main.storyboard in Resources */,
			);
			runOnlyForDeploymentPostprocessing = 0;
		};
		CFDD967721E15D1300054DF3 /* Resources */ = {
			isa = PBXResourcesBuildPhase;
			buildActionMask = 2147483647;
			files = (
			);
			runOnlyForDeploymentPostprocessing = 0;
		};
/* End PBXResourcesBuildPhase section */

/* Begin PBXSourcesBuildPhase section */
		CFDD965E21E15D1200054DF3 /* Sources */ = {
			isa = PBXSourcesBuildPhase;
			buildActionMask = 2147483647;
			files = (
				CFDD966821E15D1200054DF3 /* ViewController.swift in Sources */,
				CFDD966621E15D1200054DF3 /* AppDelegate.swift in Sources */,
				CFDD966E21E15D1300054DF3 /* app_tasklist.xcdatamodeld in Sources */,
			);
			runOnlyForDeploymentPostprocessing = 0;
		};
		CFDD967521E15D1300054DF3 /* Sources */ = {
			isa = PBXSourcesBuildPhase;
			buildActionMask = 2147483647;
			files = (
				CFDD967E21E15D1300054DF3 /* app_tasklistTests.swift in Sources */,
			);
			runOnlyForDeploymentPostprocessing = 0;
		};
/* End PBXSourcesBuildPhase section */

/* Begin PBXTargetDependency section */
		CFDD967B21E15D1300054DF3 /* PBXTargetDependency */ = {
			isa = PBXTargetDependency;
			target = CFDD966121E15D1200054DF3 /* app-tasklist */;
			targetProxy = CFDD967A21E15D1300054DF3 /* PBXContainerItemProxy */;
		};
/* End PBXTargetDependency section */

/* Begin PBXVariantGroup section */
		CFDD966921E15D1200054DF3 /* Main.storyboard */ = {
			isa = PBXVariantGroup;
			children = (
				CFDD966A21E15D1200054DF3 /* Base */,
			);
			name = Main.storyboard;
			sourceTree = "<group>";
		};
		CFDD967121E15D1300054DF3 /* LaunchScreen.storyboard */ = {
			isa = PBXVariantGroup;
			children = (
				CFDD967221E15D1300054DF3 /* Base */,
			);
			name = LaunchScreen.storyboard;
			sourceTree = "<group>";
		};
/* End PBXVariantGroup section */

/* Begin XCBuildConfiguration section */
		CFDD968021E15D1300054DF3 /* Debug */ = {
			isa = XCBuildConfiguration;
			buildSettings = {
				ALWAYS_SEARCH_USER_PATHS = NO;
				CLANG_ANALYZER_NONNULL = YES;
				CLANG_ANALYZER_NUMBER_OBJECT_CONVERSION = YES_AGGRESSIVE;
				CLANG_CXX_LANGUAGE_STANDARD = "gnu++0x";
				CLANG_CXX_LIBRARY = "libc++";
				CLANG_ENABLE_MODULES = YES;
				CLANG_ENABLE_OBJC_ARC = YES;
				CLANG_WARN_BOOL_CONVERSION = YES;
				CLANG_WARN_CONSTANT_CONVERSION = YES;
				CLANG_WARN_DIRECT_OBJC_ISA_USAGE = YES_ERROR;
				CLANG_WARN_DOCUMENTATION_COMMENTS = YES;
				CLANG_WARN_EMPTY_BODY = YES;
				CLANG_WARN_ENUM_CONVERSION = YES;
				CLANG_WARN_INFINITE_RECURSION = YES;
				CLANG_WARN_INT_CONVERSION = YES;
				CLANG_WARN_OBJC_ROOT_CLASS = YES_ERROR;
				CLANG_WARN_SUSPICIOUS_MOVE = YES;
				CLANG_WARN_UNREACHABLE_CODE = YES;
				CLANG_WARN__DUPLICATE_METHOD_MATCH = YES;
				"CODE_SIGN_IDENTITY[sdk=iphoneos*]" = "iPhone Developer";
				COPY_PHASE_STRIP = NO;
				DEBUG_INFORMATION_FORMAT = dwarf;
				ENABLE_STRICT_OBJC_MSGSEND = YES;
				ENABLE_TESTABILITY = YES;
				GCC_C_LANGUAGE_STANDARD = gnu99;
				GCC_DYNAMIC_NO_PIC = NO;
				GCC_NO_COMMON_BLOCKS = YES;
				GCC_OPTIMIZATION_LEVEL = 0;
				GCC_PREPROCESSOR_DEFINITIONS = (
					"DEBUG=1",
					"$(inherited)",
				);
				GCC_WARN_64_TO_32_BIT_CONVERSION = YES;
				GCC_WARN_ABOUT_RETURN_TYPE = YES_ERROR;
				GCC_WARN_UNDECLARED_SELECTOR = YES;
				GCC_WARN_UNINITIALIZED_AUTOS = YES_AGGRESSIVE;
				GCC_WARN_UNUSED_FUNCTION = YES;
				GCC_WARN_UNUSED_VARIABLE = YES;
				IPHONEOS_DEPLOYMENT_TARGET = 10.3;
				MTL_ENABLE_DEBUG_INFO = YES;
				ONLY_ACTIVE_ARCH = YES;
				SDKROOT = iphoneos;
				SWIFT_ACTIVE_COMPILATION_CONDITIONS = DEBUG;
				SWIFT_OPTIMIZATION_LEVEL = "-Onone";
			};
			name = Debug;
		};
		CFDD968121E15D1300054DF3 /* Release */ = {
			isa = XCBuildConfiguration;
			buildSettings = {
				ALWAYS_SEARCH_USER_PATHS = NO;
				CLANG_ANALYZER_NONNULL = YES;
				CLANG_ANALYZER_NUMBER_OBJECT_CONVERSION = YES_AGGRESSIVE;
				CLANG_CXX_LANGUAGE_STANDARD = "gnu++0x";
				CLANG_CXX_LIBRARY = "libc++";
				CLANG_ENABLE_MODULES = YES;
				CLANG_ENABLE_OBJC_ARC = YES;
				CLANG_WARN_BOOL_CONVERSION = YES;
				CLANG_WARN_CONSTANT_CONVERSION = YES;
				CLANG_WARN_DIRECT_OBJC_ISA_USAGE = YES_ERROR;
				CLANG_WARN_DOCUMENTATION_COMMENTS = YES;
				CLANG_WARN_EMPTY_BODY = YES;
				CLANG_WARN_ENUM_CONVERSION = YES;
				CLANG_WARN_INFINITE_RECURSION = YES;
				CLANG_WARN_INT_CONVERSION = YES;
				CLANG_WARN_OBJC_ROOT_CLASS = YES_ERROR;
				CLANG_WARN_SUSPICIOUS_MOVE = YES;
				CLANG_WARN_UNREACHABLE_CODE = YES;
				CLANG_WARN__DUPLICATE_METHOD_MATCH = YES;
				"CODE_SIGN_IDENTITY[sdk=iphoneos*]" = "iPhone Developer";
				COPY_PHASE_STRIP = NO;
				DEBUG_INFORMATION_FORMAT = "dwarf-with-dsym";
				ENABLE_NS_ASSERTIONS = NO;
				ENABLE_STRICT_OBJC_MSGSEND = YES;
				GCC_C_LANGUAGE_STANDARD = gnu99;
				GCC_NO_COMMON_BLOCKS = YES;
				GCC_WARN_64_TO_32_BIT_CONVERSION = YES;
				GCC_WARN_ABOUT_RETURN_TYPE = YES_ERROR;
				GCC_WARN_UNDECLARED_SELECTOR = YES;
				GCC_WARN_UNINITIALIZED_AUTOS = YES_AGGRESSIVE;
				GCC_WARN_UNUSED_FUNCTION = YES;
				GCC_WARN_UNUSED_VARIABLE = YES;
				IPHONEOS_DEPLOYMENT_TARGET = 10.3;
				MTL_ENABLE_DEBUG_INFO = NO;
				SDKROOT = iphoneos;
				SWIFT_OPTIMIZATION_LEVEL = "-Owholemodule";
				VALIDATE_PRODUCT = YES;
			};
			name = Release;
		};
		CFDD968321E15D1300054DF3 /* Debug */ = {
			isa = XCBuildConfiguration;
			buildSettings = {
				ASSETCATALOG_COMPILER_APPICON_NAME = AppIcon;
				INFOPLIST_FILE = "app-tasklist/Info.plist";
				LD_RUNPATH_SEARCH_PATHS = "$(inherited) @executable_path/Frameworks";
				PRODUCT_BUNDLE_IDENTIFIER = "org.app-tasklist";
				PRODUCT_NAME = "$(TARGET_NAME)";
				SWIFT_VERSION = 3.0;
			};
			name = Debug;
		};
		CFDD968421E15D1300054DF3 /* Release */ = {
			isa = XCBuildConfiguration;
			buildSettings = {
				ASSETCATALOG_COMPILER_APPICON_NAME = AppIcon;
				INFOPLIST_FILE = "app-tasklist/Info.plist";
				LD_RUNPATH_SEARCH_PATHS = "$(inherited) @executable_path/Frameworks";
				PRODUCT_BUNDLE_IDENTIFIER = "org.app-tasklist";
				PRODUCT_NAME = "$(TARGET_NAME)";
				SWIFT_VERSION = 3.0;
			};
			name = Release;
		};
		CFDD968621E15D1300054DF3 /* Debug */ = {
			isa = XCBuildConfiguration;
			buildSettings = {
				ALWAYS_EMBED_SWIFT_STANDARD_LIBRARIES = YES;
				BUNDLE_LOADER = "$(TEST_HOST)";
				INFOPLIST_FILE = "app-tasklistTests/Info.plist";
				LD_RUNPATH_SEARCH_PATHS = "$(inherited) @executable_path/Frameworks @loader_path/Frameworks";
				PRODUCT_BUNDLE_IDENTIFIER = "org.app-tasklistTests";
				PRODUCT_NAME = "$(TARGET_NAME)";
				SWIFT_VERSION = 3.0;
				TEST_HOST = "$(BUILT_PRODUCTS_DIR)/app-tasklist.app/app-tasklist";
			};
			name = Debug;
		};
		CFDD968721E15D1300054DF3 /* Release */ = {
			isa = XCBuildConfiguration;
			buildSettings = {
				ALWAYS_EMBED_SWIFT_STANDARD_LIBRARIES = YES;
				BUNDLE_LOADER = "$(TEST_HOST)";
				INFOPLIST_FILE = "app-tasklistTests/Info.plist";
				LD_RUNPATH_SEARCH_PATHS = "$(inherited) @executable_path/Frameworks @loader_path/Frameworks";
				PRODUCT_BUNDLE_IDENTIFIER = "org.app-tasklistTests";
				PRODUCT_NAME = "$(TARGET_NAME)";
				SWIFT_VERSION = 3.0;
				TEST_HOST = "$(BUILT_PRODUCTS_DIR)/app-tasklist.app/app-tasklist";
			};
			name = Release;
		};
/* End XCBuildConfiguration section */

/* Begin XCConfigurationList section */
		CFDD965D21E15D1200054DF3 /* Build configuration list for PBXProject "app-tasklist" */ = {
			isa = XCConfigurationList;
			buildConfigurations = (
				CFDD968021E15D1300054DF3 /* Debug */,
				CFDD968121E15D1300054DF3 /* Release */,
			);
			defaultConfigurationIsVisible = 0;
			defaultConfigurationName = Release;
		};
		CFDD968221E15D1300054DF3 /* Build configuration list for PBXNativeTarget "app-tasklist" */ = {
			isa = XCConfigurationList;
			buildConfigurations = (
				CFDD968321E15D1300054DF3 /* Debug */,
				CFDD968421E15D1300054DF3 /* Release */,
			);
			defaultConfigurationIsVisible = 0;
		};
		CFDD968521E15D1300054DF3 /* Build configuration list for PBXNativeTarget "app-tasklistTests" */ = {
			isa = XCConfigurationList;
			buildConfigurations = (
				CFDD968621E15D1300054DF3 /* Debug */,
				CFDD968721E15D1300054DF3 /* Release */,
			);
			defaultConfigurationIsVisible = 0;
		};
/* End XCConfigurationList section */

/* Begin XCVersionGroup section */
		CFDD966C21E15D1200054DF3 /* app_tasklist.xcdatamodeld */ = {
			isa = XCVersionGroup;
			children = (
				CFDD966D21E15D1200054DF3 /* app_tasklist.xcdatamodel */,
			);
			currentVersion = CFDD966D21E15D1200054DF3 /* app_tasklist.xcdatamodel */;
			path = app_tasklist.xcdatamodeld;
			sourceTree = "<group>";
			versionGroupType = wrapper.xcdatamodel;
		};
/* End XCVersionGroup section */
	};
	rootObject = CFDD965A21E15D1200054DF3 /* Project object */;
}
