// !$*UTF8*$!
{
	archiveVersion = 1;
	classes = {
	};
	objectVersion = 46;
	objects = {

/* Begin PBXBuildFile section */
		304F65D1ED5E46B16F495FC7 /* Pods_tasklist_appTests.framework in Frameworks */ = {isa = PBXBuildFile; fileRef = 8DCB91E134808760F1AF3CD9 /* Pods_tasklist_appTests.framework */; };
		B99A25C7618EC2EEE02183C0 /* Pods_tasklist_app.framework in Frameworks */ = {isa = PBXBuildFile; fileRef = 03D30DFD9D928EBECF3DA02B /* Pods_tasklist_app.framework */; };
		CF354B7721E198AA00904042 /* ResponseObjectSerializable.swift in Sources */ = {isa = PBXBuildFile; fileRef = CF354B7621E198AA00904042 /* ResponseObjectSerializable.swift */; };
		CF77D80C21E230D1006A9FCE /* ResponseCollectionSerializable.swift in Sources */ = {isa = PBXBuildFile; fileRef = CF77D80B21E230D1006A9FCE /* ResponseCollectionSerializable.swift */; };
		CFC48D5621E0F0D800DE82EA /* tasklist_appTests.swift in Sources */ = {isa = PBXBuildFile; fileRef = CFC48D5521E0F0D800DE82EA /* tasklist_appTests.swift */; };
		CFDD02FB21E1012A000F3FE1 /* AddTodoController.swift in Sources */ = {isa = PBXBuildFile; fileRef = CFDD02EF21E1012A000F3FE1 /* AddTodoController.swift */; };
		CFDD02FC21E1012A000F3FE1 /* AppDelegate.swift in Sources */ = {isa = PBXBuildFile; fileRef = CFDD02F021E1012A000F3FE1 /* AppDelegate.swift */; };
		CFDD02FD21E1012A000F3FE1 /* Assets.xcassets in Resources */ = {isa = PBXBuildFile; fileRef = CFDD02F121E1012A000F3FE1 /* Assets.xcassets */; };
		CFDD030121E1012A000F3FE1 /* Project.swift in Sources */ = {isa = PBXBuildFile; fileRef = CFDD02F621E1012A000F3FE1 /* Project.swift */; };
		CFDD030221E1012A000F3FE1 /* tasklist_app.xcdatamodeld in Sources */ = {isa = PBXBuildFile; fileRef = CFDD02F721E1012A000F3FE1 /* tasklist_app.xcdatamodeld */; };
		CFDD030321E1012A000F3FE1 /* TodoCell.swift in Sources */ = {isa = PBXBuildFile; fileRef = CFDD02F921E1012A000F3FE1 /* TodoCell.swift */; };
		CFDD030421E1012A000F3FE1 /* TodosController.swift in Sources */ = {isa = PBXBuildFile; fileRef = CFDD02FA21E1012A000F3FE1 /* TodosController.swift */; };
		CFDD030621E10133000F3FE1 /* Main.storyboard in Resources */ = {isa = PBXBuildFile; fileRef = CFDD030521E10133000F3FE1 /* Main.storyboard */; };
		CFDD032B21E1285B000F3FE1 /* M13Checkbox.m in Sources */ = {isa = PBXBuildFile; fileRef = CFDD032A21E1285B000F3FE1 /* M13Checkbox.m */; };
		CFDD96E621E1688300054DF3 /* Podfile in Resources */ = {isa = PBXBuildFile; fileRef = CFDD96E521E1688300054DF3 /* Podfile */; };
/* End PBXBuildFile section */

/* Begin PBXContainerItemProxy section */
		CFC48D5221E0F0D800DE82EA /* PBXContainerItemProxy */ = {
			isa = PBXContainerItemProxy;
			containerPortal = CFC48D3221E0F0D800DE82EA /* Project object */;
			proxyType = 1;
			remoteGlobalIDString = CFC48D3921E0F0D800DE82EA;
			remoteInfo = "tasklist-app";
		};
/* End PBXContainerItemProxy section */

/* Begin PBXCopyFilesBuildPhase section */
		CFDD032821E10704000F3FE1 /* Embed Frameworks */ = {
			isa = PBXCopyFilesBuildPhase;
			buildActionMask = 2147483647;
			dstPath = "";
			dstSubfolderSpec = 10;
			files = (
			);
			name = "Embed Frameworks";
			runOnlyForDeploymentPostprocessing = 0;
		};
/* End PBXCopyFilesBuildPhase section */

/* Begin PBXFileReference section */
		03D30DFD9D928EBECF3DA02B /* Pods_tasklist_app.framework */ = {isa = PBXFileReference; explicitFileType = wrapper.framework; includeInIndex = 0; path = Pods_tasklist_app.framework; sourceTree = BUILT_PRODUCTS_DIR; };
		46834A48C6AECD8C8016F42D /* Pods-tasklist-appTests.debug.xcconfig */ = {isa = PBXFileReference; includeInIndex = 1; lastKnownFileType = text.xcconfig; name = "Pods-tasklist-appTests.debug.xcconfig"; path = "Pods/Target Support Files/Pods-tasklist-appTests/Pods-tasklist-appTests.debug.xcconfig"; sourceTree = "<group>"; };
		6645BABEAEDB0ACE3C4650F4 /* Pods-tasklist-app.release.xcconfig */ = {isa = PBXFileReference; includeInIndex = 1; lastKnownFileType = text.xcconfig; name = "Pods-tasklist-app.release.xcconfig"; path = "Pods/Target Support Files/Pods-tasklist-app/Pods-tasklist-app.release.xcconfig"; sourceTree = "<group>"; };
		6DC34CCBCD051AD66DC1A200 /* Pods-tasklist-appTests.release.xcconfig */ = {isa = PBXFileReference; includeInIndex = 1; lastKnownFileType = text.xcconfig; name = "Pods-tasklist-appTests.release.xcconfig"; path = "Pods/Target Support Files/Pods-tasklist-appTests/Pods-tasklist-appTests.release.xcconfig"; sourceTree = "<group>"; };
		8DCB91E134808760F1AF3CD9 /* Pods_tasklist_appTests.framework */ = {isa = PBXFileReference; explicitFileType = wrapper.framework; includeInIndex = 0; path = Pods_tasklist_appTests.framework; sourceTree = BUILT_PRODUCTS_DIR; };
		CF354B7621E198AA00904042 /* ResponseObjectSerializable.swift */ = {isa = PBXFileReference; fileEncoding = 4; lastKnownFileType = sourcecode.swift; path = ResponseObjectSerializable.swift; sourceTree = "<group>"; };
		CF77D80B21E230D1006A9FCE /* ResponseCollectionSerializable.swift */ = {isa = PBXFileReference; fileEncoding = 4; lastKnownFileType = sourcecode.swift; path = ResponseCollectionSerializable.swift; sourceTree = "<group>"; };
		CFC48D3A21E0F0D800DE82EA /* tasklist-app.app */ = {isa = PBXFileReference; explicitFileType = wrapper.application; includeInIndex = 0; path = "tasklist-app.app"; sourceTree = BUILT_PRODUCTS_DIR; };
		CFC48D5121E0F0D800DE82EA /* tasklist-appTests.xctest */ = {isa = PBXFileReference; explicitFileType = wrapper.cfbundle; includeInIndex = 0; path = "tasklist-appTests.xctest"; sourceTree = BUILT_PRODUCTS_DIR; };
		CFC48D5521E0F0D800DE82EA /* tasklist_appTests.swift */ = {isa = PBXFileReference; lastKnownFileType = sourcecode.swift; path = tasklist_appTests.swift; sourceTree = "<group>"; };
		CFC48D5721E0F0D800DE82EA /* Info.plist */ = {isa = PBXFileReference; lastKnownFileType = text.plist.xml; path = Info.plist; sourceTree = "<group>"; };
		CFDD02EF21E1012A000F3FE1 /* AddTodoController.swift */ = {isa = PBXFileReference; fileEncoding = 4; lastKnownFileType = sourcecode.swift; path = AddTodoController.swift; sourceTree = "<group>"; };
		CFDD02F021E1012A000F3FE1 /* AppDelegate.swift */ = {isa = PBXFileReference; fileEncoding = 4; lastKnownFileType = sourcecode.swift; path = AppDelegate.swift; sourceTree = "<group>"; };
		CFDD02F121E1012A000F3FE1 /* Assets.xcassets */ = {isa = PBXFileReference; lastKnownFileType = folder.assetcatalog; path = Assets.xcassets; sourceTree = "<group>"; };
		CFDD02F321E1012A000F3FE1 /* Info.plist */ = {isa = PBXFileReference; fileEncoding = 4; lastKnownFileType = text.plist.xml; path = Info.plist; sourceTree = "<group>"; };
		CFDD02F621E1012A000F3FE1 /* Project.swift */ = {isa = PBXFileReference; fileEncoding = 4; lastKnownFileType = sourcecode.swift; path = Project.swift; sourceTree = "<group>"; };
		CFDD02F821E1012A000F3FE1 /* tasklist_app.xcdatamodel */ = {isa = PBXFileReference; lastKnownFileType = wrapper.xcdatamodel; path = tasklist_app.xcdatamodel; sourceTree = "<group>"; };
		CFDD02F921E1012A000F3FE1 /* TodoCell.swift */ = {isa = PBXFileReference; fileEncoding = 4; lastKnownFileType = sourcecode.swift; path = TodoCell.swift; sourceTree = "<group>"; };
		CFDD02FA21E1012A000F3FE1 /* TodosController.swift */ = {isa = PBXFileReference; fileEncoding = 4; lastKnownFileType = sourcecode.swift; path = TodosController.swift; sourceTree = "<group>"; };
		CFDD030521E10133000F3FE1 /* Main.storyboard */ = {isa = PBXFileReference; fileEncoding = 4; lastKnownFileType = file.storyboard; name = Main.storyboard; path = Base.lproj/Main.storyboard; sourceTree = "<group>"; };
		CFDD030A21E10254000F3FE1 /* tasklist-app-Bridging-Header.h */ = {isa = PBXFileReference; fileEncoding = 4; lastKnownFileType = sourcecode.c.h; path = "tasklist-app-Bridging-Header.h"; sourceTree = SOURCE_ROOT; };
		CFDD032921E1285B000F3FE1 /* M13Checkbox.h */ = {isa = PBXFileReference; fileEncoding = 4; lastKnownFileType = sourcecode.c.h; path = M13Checkbox.h; sourceTree = "<group>"; };
		CFDD032A21E1285B000F3FE1 /* M13Checkbox.m */ = {isa = PBXFileReference; fileEncoding = 4; lastKnownFileType = sourcecode.c.objc; path = M13Checkbox.m; sourceTree = "<group>"; };
		CFDD96E521E1688300054DF3 /* Podfile */ = {isa = PBXFileReference; fileEncoding = 4; lastKnownFileType = text; path = Podfile; sourceTree = "<group>"; xcLanguageSpecificationIdentifier = xcode.lang.ruby; };
		E7CCC74266665D385526AF3F /* Pods-tasklist-app.debug.xcconfig */ = {isa = PBXFileReference; includeInIndex = 1; lastKnownFileType = text.xcconfig; name = "Pods-tasklist-app.debug.xcconfig"; path = "Pods/Target Support Files/Pods-tasklist-app/Pods-tasklist-app.debug.xcconfig"; sourceTree = "<group>"; };
/* End PBXFileReference section */

/* Begin PBXFrameworksBuildPhase section */
		CFC48D3721E0F0D800DE82EA /* Frameworks */ = {
			isa = PBXFrameworksBuildPhase;
			buildActionMask = 2147483647;
			files = (
				B99A25C7618EC2EEE02183C0 /* Pods_tasklist_app.framework in Frameworks */,
			);
			runOnlyForDeploymentPostprocessing = 0;
		};
		CFC48D4E21E0F0D800DE82EA /* Frameworks */ = {
			isa = PBXFrameworksBuildPhase;
			buildActionMask = 2147483647;
			files = (
				304F65D1ED5E46B16F495FC7 /* Pods_tasklist_appTests.framework in Frameworks */,
			);
			runOnlyForDeploymentPostprocessing = 0;
		};
/* End PBXFrameworksBuildPhase section */

/* Begin PBXGroup section */
		048520C4C78F416FE03B0E8E /* Pods */ = {
			isa = PBXGroup;
			children = (
				E7CCC74266665D385526AF3F /* Pods-tasklist-app.debug.xcconfig */,
				6645BABEAEDB0ACE3C4650F4 /* Pods-tasklist-app.release.xcconfig */,
				46834A48C6AECD8C8016F42D /* Pods-tasklist-appTests.debug.xcconfig */,
				6DC34CCBCD051AD66DC1A200 /* Pods-tasklist-appTests.release.xcconfig */,
			);
			name = Pods;
			sourceTree = "<group>";
		};
		277ED5FDE46A7EB57E9E0778 /* Frameworks */ = {
			isa = PBXGroup;
			children = (
				03D30DFD9D928EBECF3DA02B /* Pods_tasklist_app.framework */,
				8DCB91E134808760F1AF3CD9 /* Pods_tasklist_appTests.framework */,
			);
			name = Frameworks;
			sourceTree = "<group>";
		};
		CFC48D3121E0F0D800DE82EA = {
			isa = PBXGroup;
			children = (
				CFDD96E521E1688300054DF3 /* Podfile */,
				CFC48D3C21E0F0D800DE82EA /* tasklist-app */,
				CFC48D5421E0F0D800DE82EA /* tasklist-appTests */,
				CFC48D3B21E0F0D800DE82EA /* Products */,
				048520C4C78F416FE03B0E8E /* Pods */,
				277ED5FDE46A7EB57E9E0778 /* Frameworks */,
			);
			sourceTree = "<group>";
		};
		CFC48D3B21E0F0D800DE82EA /* Products */ = {
			isa = PBXGroup;
			children = (
				CFC48D3A21E0F0D800DE82EA /* tasklist-app.app */,
				CFC48D5121E0F0D800DE82EA /* tasklist-appTests.xctest */,
			);
			name = Products;
			sourceTree = "<group>";
		};
		CFC48D3C21E0F0D800DE82EA /* tasklist-app */ = {
			isa = PBXGroup;
			children = (
				CFDD032921E1285B000F3FE1 /* M13Checkbox.h */,
				CFDD032A21E1285B000F3FE1 /* M13Checkbox.m */,
				CFDD030A21E10254000F3FE1 /* tasklist-app-Bridging-Header.h */,
				CFDD02EF21E1012A000F3FE1 /* AddTodoController.swift */,
				CFDD02F021E1012A000F3FE1 /* AppDelegate.swift */,
				CFDD02F121E1012A000F3FE1 /* Assets.xcassets */,
				CFDD030521E10133000F3FE1 /* Main.storyboard */,
				CFDD02F321E1012A000F3FE1 /* Info.plist */,
				CFDD02F621E1012A000F3FE1 /* Project.swift */,
				CFDD02F721E1012A000F3FE1 /* tasklist_app.xcdatamodeld */,
				CFDD02F921E1012A000F3FE1 /* TodoCell.swift */,
				CFDD02FA21E1012A000F3FE1 /* TodosController.swift */,
				CF354B7621E198AA00904042 /* ResponseObjectSerializable.swift */,
				CF77D80B21E230D1006A9FCE /* ResponseCollectionSerializable.swift */,
			);
			path = "tasklist-app";
			sourceTree = "<group>";
		};
		CFC48D5421E0F0D800DE82EA /* tasklist-appTests */ = {
			isa = PBXGroup;
			children = (
				CFC48D5521E0F0D800DE82EA /* tasklist_appTests.swift */,
				CFC48D5721E0F0D800DE82EA /* Info.plist */,
			);
			path = "tasklist-appTests";
			sourceTree = "<group>";
		};
/* End PBXGroup section */

/* Begin PBXNativeTarget section */
		CFC48D3921E0F0D800DE82EA /* tasklist-app */ = {
			isa = PBXNativeTarget;
			buildConfigurationList = CFC48D5A21E0F0D800DE82EA /* Build configuration list for PBXNativeTarget "tasklist-app" */;
			buildPhases = (
				CD1D8F6E67A3A03605BBCC89 /* [CP] Check Pods Manifest.lock */,
				CFC48D3621E0F0D800DE82EA /* Sources */,
				CFC48D3721E0F0D800DE82EA /* Frameworks */,
				CFC48D3821E0F0D800DE82EA /* Resources */,
				CFDD032821E10704000F3FE1 /* Embed Frameworks */,
				8F5AFD97FDC6736BED316C74 /* [CP] Embed Pods Frameworks */,
			);
			buildRules = (
			);
			dependencies = (
			);
			name = "tasklist-app";
			productName = "tasklist-app";
			productReference = CFC48D3A21E0F0D800DE82EA /* tasklist-app.app */;
			productType = "com.apple.product-type.application";
		};
		CFC48D5021E0F0D800DE82EA /* tasklist-appTests */ = {
			isa = PBXNativeTarget;
			buildConfigurationList = CFC48D5D21E0F0D800DE82EA /* Build configuration list for PBXNativeTarget "tasklist-appTests" */;
			buildPhases = (
				FB2B61E44F1692B596EFB2F1 /* [CP] Check Pods Manifest.lock */,
				CFC48D4D21E0F0D800DE82EA /* Sources */,
				CFC48D4E21E0F0D800DE82EA /* Frameworks */,
				CFC48D4F21E0F0D800DE82EA /* Resources */,
			);
			buildRules = (
			);
			dependencies = (
				CFC48D5321E0F0D800DE82EA /* PBXTargetDependency */,
			);
			name = "tasklist-appTests";
			productName = "tasklist-appTests";
			productReference = CFC48D5121E0F0D800DE82EA /* tasklist-appTests.xctest */;
			productType = "com.apple.product-type.bundle.unit-test";
		};
/* End PBXNativeTarget section */

/* Begin PBXProject section */
		CFC48D3221E0F0D800DE82EA /* Project object */ = {
			isa = PBXProject;
			attributes = {
				LastSwiftUpdateCheck = 0700;
				LastUpgradeCheck = 0830;
				ORGANIZATIONNAME = maxwell;
				TargetAttributes = {
					CFC48D3921E0F0D800DE82EA = {
						CreatedOnToolsVersion = 7.0;
						LastSwiftMigration = 0830;
					};
					CFC48D5021E0F0D800DE82EA = {
						CreatedOnToolsVersion = 7.0;
						LastSwiftMigration = 0830;
						TestTargetID = CFC48D3921E0F0D800DE82EA;
					};
				};
			};
			buildConfigurationList = CFC48D3521E0F0D800DE82EA /* Build configuration list for PBXProject "tasklist-app" */;
			compatibilityVersion = "Xcode 3.2";
			developmentRegion = English;
			hasScannedForEncodings = 0;
			knownRegions = (
				en,
				Base,
			);
			mainGroup = CFC48D3121E0F0D800DE82EA;
			productRefGroup = CFC48D3B21E0F0D800DE82EA /* Products */;
			projectDirPath = "";
			projectRoot = "";
			targets = (
				CFC48D3921E0F0D800DE82EA /* tasklist-app */,
				CFC48D5021E0F0D800DE82EA /* tasklist-appTests */,
			);
		};
/* End PBXProject section */

/* Begin PBXResourcesBuildPhase section */
		CFC48D3821E0F0D800DE82EA /* Resources */ = {
			isa = PBXResourcesBuildPhase;
			buildActionMask = 2147483647;
			files = (
				CFDD96E621E1688300054DF3 /* Podfile in Resources */,
				CFDD02FD21E1012A000F3FE1 /* Assets.xcassets in Resources */,
				CFDD030621E10133000F3FE1 /* Main.storyboard in Resources */,
			);
			runOnlyForDeploymentPostprocessing = 0;
		};
		CFC48D4F21E0F0D800DE82EA /* Resources */ = {
			isa = PBXResourcesBuildPhase;
			buildActionMask = 2147483647;
			files = (
			);
			runOnlyForDeploymentPostprocessing = 0;
		};
/* End PBXResourcesBuildPhase section */

/* Begin PBXShellScriptBuildPhase section */
		8F5AFD97FDC6736BED316C74 /* [CP] Embed Pods Frameworks */ = {
			isa = PBXShellScriptBuildPhase;
			buildActionMask = 2147483647;
			files = (
			);
			inputPaths = (
				"${SRCROOT}/Pods/Target Support Files/Pods-tasklist-app/Pods-tasklist-app-frameworks.sh",
				"${BUILT_PRODUCTS_DIR}/Alamofire/Alamofire.framework",
			);
			name = "[CP] Embed Pods Frameworks";
			outputPaths = (
				"${TARGET_BUILD_DIR}/${FRAMEWORKS_FOLDER_PATH}/Alamofire.framework",
			);
			runOnlyForDeploymentPostprocessing = 0;
			shellPath = /bin/sh;
			shellScript = "\"${SRCROOT}/Pods/Target Support Files/Pods-tasklist-app/Pods-tasklist-app-frameworks.sh\"\n";
			showEnvVarsInLog = 0;
		};
		CD1D8F6E67A3A03605BBCC89 /* [CP] Check Pods Manifest.lock */ = {
			isa = PBXShellScriptBuildPhase;
			buildActionMask = 2147483647;
			files = (
			);
			inputPaths = (
				"${PODS_PODFILE_DIR_PATH}/Podfile.lock",
				"${PODS_ROOT}/Manifest.lock",
			);
			name = "[CP] Check Pods Manifest.lock";
			outputPaths = (
				"$(DERIVED_FILE_DIR)/Pods-tasklist-app-checkManifestLockResult.txt",
			);
			runOnlyForDeploymentPostprocessing = 0;
			shellPath = /bin/sh;
			shellScript = "diff \"${PODS_PODFILE_DIR_PATH}/Podfile.lock\" \"${PODS_ROOT}/Manifest.lock\" > /dev/null\nif [ $? != 0 ] ; then\n    # print error to STDERR\n    echo \"error: The sandbox is not in sync with the Podfile.lock. Run 'pod install' or update your CocoaPods installation.\" >&2\n    exit 1\nfi\n# This output is used by Xcode 'outputs' to avoid re-running this script phase.\necho \"SUCCESS\" > \"${SCRIPT_OUTPUT_FILE_0}\"\n";
			showEnvVarsInLog = 0;
		};
		FB2B61E44F1692B596EFB2F1 /* [CP] Check Pods Manifest.lock */ = {
			isa = PBXShellScriptBuildPhase;
			buildActionMask = 2147483647;
			files = (
			);
			inputPaths = (
				"${PODS_PODFILE_DIR_PATH}/Podfile.lock",
				"${PODS_ROOT}/Manifest.lock",
			);
			name = "[CP] Check Pods Manifest.lock";
			outputPaths = (
				"$(DERIVED_FILE_DIR)/Pods-tasklist-appTests-checkManifestLockResult.txt",
			);
			runOnlyForDeploymentPostprocessing = 0;
			shellPath = /bin/sh;
			shellScript = "diff \"${PODS_PODFILE_DIR_PATH}/Podfile.lock\" \"${PODS_ROOT}/Manifest.lock\" > /dev/null\nif [ $? != 0 ] ; then\n    # print error to STDERR\n    echo \"error: The sandbox is not in sync with the Podfile.lock. Run 'pod install' or update your CocoaPods installation.\" >&2\n    exit 1\nfi\n# This output is used by Xcode 'outputs' to avoid re-running this script phase.\necho \"SUCCESS\" > \"${SCRIPT_OUTPUT_FILE_0}\"\n";
			showEnvVarsInLog = 0;
		};
/* End PBXShellScriptBuildPhase section */

/* Begin PBXSourcesBuildPhase section */
		CFC48D3621E0F0D800DE82EA /* Sources */ = {
			isa = PBXSourcesBuildPhase;
			buildActionMask = 2147483647;
			files = (
				CF77D80C21E230D1006A9FCE /* ResponseCollectionSerializable.swift in Sources */,
				CF354B7721E198AA00904042 /* ResponseObjectSerializable.swift in Sources */,
				CFDD02FC21E1012A000F3FE1 /* AppDelegate.swift in Sources */,
				CFDD030321E1012A000F3FE1 /* TodoCell.swift in Sources */,
				CFDD030221E1012A000F3FE1 /* tasklist_app.xcdatamodeld in Sources */,
				CFDD02FB21E1012A000F3FE1 /* AddTodoController.swift in Sources */,
				CFDD030421E1012A000F3FE1 /* TodosController.swift in Sources */,
				CFDD032B21E1285B000F3FE1 /* M13Checkbox.m in Sources */,
				CFDD030121E1012A000F3FE1 /* Project.swift in Sources */,
			);
			runOnlyForDeploymentPostprocessing = 0;
		};
		CFC48D4D21E0F0D800DE82EA /* Sources */ = {
			isa = PBXSourcesBuildPhase;
			buildActionMask = 2147483647;
			files = (
				CFC48D5621E0F0D800DE82EA /* tasklist_appTests.swift in Sources */,
			);
			runOnlyForDeploymentPostprocessing = 0;
		};
/* End PBXSourcesBuildPhase section */

/* Begin PBXTargetDependency section */
		CFC48D5321E0F0D800DE82EA /* PBXTargetDependency */ = {
			isa = PBXTargetDependency;
			target = CFC48D3921E0F0D800DE82EA /* tasklist-app */;
			targetProxy = CFC48D5221E0F0D800DE82EA /* PBXContainerItemProxy */;
		};
/* End PBXTargetDependency section */

/* Begin XCBuildConfiguration section */
		CFC48D5821E0F0D800DE82EA /* Debug */ = {
			isa = XCBuildConfiguration;
			buildSettings = {
				ALWAYS_SEARCH_USER_PATHS = NO;
				CLANG_CXX_LANGUAGE_STANDARD = "gnu++0x";
				CLANG_CXX_LIBRARY = "libc++";
				CLANG_ENABLE_MODULES = YES;
				CLANG_ENABLE_OBJC_ARC = YES;
				CLANG_WARN_BOOL_CONVERSION = YES;
				CLANG_WARN_CONSTANT_CONVERSION = YES;
				CLANG_WARN_DIRECT_OBJC_ISA_USAGE = YES_ERROR;
				CLANG_WARN_EMPTY_BODY = YES;
				CLANG_WARN_ENUM_CONVERSION = YES;
				CLANG_WARN_INFINITE_RECURSION = YES;
				CLANG_WARN_INT_CONVERSION = YES;
				CLANG_WARN_OBJC_ROOT_CLASS = YES_ERROR;
				CLANG_WARN_SUSPICIOUS_MOVE = YES;
				CLANG_WARN_UNREACHABLE_CODE = YES;
				CLANG_WARN__DUPLICATE_METHOD_MATCH = YES;
				"CODE_SIGN_IDENTITY[sdk=iphoneos*]" = "iPhone Developer";
				COPY_PHASE_STRIP = NO;
				DEBUG_INFORMATION_FORMAT = dwarf;
				ENABLE_STRICT_OBJC_MSGSEND = YES;
				ENABLE_TESTABILITY = YES;
				GCC_C_LANGUAGE_STANDARD = gnu99;
				GCC_DYNAMIC_NO_PIC = NO;
				GCC_NO_COMMON_BLOCKS = YES;
				GCC_OPTIMIZATION_LEVEL = 0;
				GCC_PREPROCESSOR_DEFINITIONS = (
					"DEBUG=1",
					"$(inherited)",
				);
				GCC_WARN_64_TO_32_BIT_CONVERSION = YES;
				GCC_WARN_ABOUT_RETURN_TYPE = YES_ERROR;
				GCC_WARN_UNDECLARED_SELECTOR = YES;
				GCC_WARN_UNINITIALIZED_AUTOS = YES_AGGRESSIVE;
				GCC_WARN_UNUSED_FUNCTION = YES;
				GCC_WARN_UNUSED_VARIABLE = YES;
				IPHONEOS_DEPLOYMENT_TARGET = 10.0;
				MTL_ENABLE_DEBUG_INFO = YES;
				ONLY_ACTIVE_ARCH = YES;
				SDKROOT = iphoneos;
				SWIFT_OPTIMIZATION_LEVEL = "-Onone";
			};
			name = Debug;
		};
		CFC48D5921E0F0D800DE82EA /* Release */ = {
			isa = XCBuildConfiguration;
			buildSettings = {
				ALWAYS_SEARCH_USER_PATHS = NO;
				CLANG_CXX_LANGUAGE_STANDARD = "gnu++0x";
				CLANG_CXX_LIBRARY = "libc++";
				CLANG_ENABLE_MODULES = YES;
				CLANG_ENABLE_OBJC_ARC = YES;
				CLANG_WARN_BOOL_CONVERSION = YES;
				CLANG_WARN_CONSTANT_CONVERSION = YES;
				CLANG_WARN_DIRECT_OBJC_ISA_USAGE = YES_ERROR;
				CLANG_WARN_EMPTY_BODY = YES;
				CLANG_WARN_ENUM_CONVERSION = YES;
				CLANG_WARN_INFINITE_RECURSION = YES;
				CLANG_WARN_INT_CONVERSION = YES;
				CLANG_WARN_OBJC_ROOT_CLASS = YES_ERROR;
				CLANG_WARN_SUSPICIOUS_MOVE = YES;
				CLANG_WARN_UNREACHABLE_CODE = YES;
				CLANG_WARN__DUPLICATE_METHOD_MATCH = YES;
				"CODE_SIGN_IDENTITY[sdk=iphoneos*]" = "iPhone Developer";
				COPY_PHASE_STRIP = NO;
				DEBUG_INFORMATION_FORMAT = "dwarf-with-dsym";
				ENABLE_NS_ASSERTIONS = NO;
				ENABLE_STRICT_OBJC_MSGSEND = YES;
				GCC_C_LANGUAGE_STANDARD = gnu99;
				GCC_NO_COMMON_BLOCKS = YES;
				GCC_WARN_64_TO_32_BIT_CONVERSION = YES;
				GCC_WARN_ABOUT_RETURN_TYPE = YES_ERROR;
				GCC_WARN_UNDECLARED_SELECTOR = YES;
				GCC_WARN_UNINITIALIZED_AUTOS = YES_AGGRESSIVE;
				GCC_WARN_UNUSED_FUNCTION = YES;
				GCC_WARN_UNUSED_VARIABLE = YES;
				IPHONEOS_DEPLOYMENT_TARGET = 10.0;
				MTL_ENABLE_DEBUG_INFO = NO;
				SDKROOT = iphoneos;
				SWIFT_OPTIMIZATION_LEVEL = "-Owholemodule";
				VALIDATE_PRODUCT = YES;
			};
			name = Release;
		};
		CFC48D5B21E0F0D800DE82EA /* Debug */ = {
			isa = XCBuildConfiguration;
			baseConfigurationReference = E7CCC74266665D385526AF3F /* Pods-tasklist-app.debug.xcconfig */;
			buildSettings = {
				ASSETCATALOG_COMPILER_APPICON_NAME = AppIcon;
				CLANG_ENABLE_MODULES = YES;
				INFOPLIST_FILE = "tasklist-app/Info.plist";
				IPHONEOS_DEPLOYMENT_TARGET = 10.0;
				LD_RUNPATH_SEARCH_PATHS = "$(inherited) @executable_path/Frameworks";
				PRODUCT_BUNDLE_IDENTIFIER = "omg.tasklist-app";
				PRODUCT_NAME = "$(TARGET_NAME)";
				SWIFT_OBJC_BRIDGING_HEADER = "tasklist-app-Bridging-Header.h";
				SWIFT_OPTIMIZATION_LEVEL = "-Onone";
				SWIFT_VERSION = 3.0;
			};
			name = Debug;
		};
		CFC48D5C21E0F0D800DE82EA /* Release */ = {
			isa = XCBuildConfiguration;
			baseConfigurationReference = 6645BABEAEDB0ACE3C4650F4 /* Pods-tasklist-app.release.xcconfig */;
			buildSettings = {
				ASSETCATALOG_COMPILER_APPICON_NAME = AppIcon;
				CLANG_ENABLE_MODULES = YES;
				INFOPLIST_FILE = "tasklist-app/Info.plist";
				IPHONEOS_DEPLOYMENT_TARGET = 10.0;
				LD_RUNPATH_SEARCH_PATHS = "$(inherited) @executable_path/Frameworks";
				PRODUCT_BUNDLE_IDENTIFIER = "omg.tasklist-app";
				PRODUCT_NAME = "$(TARGET_NAME)";
				SWIFT_OBJC_BRIDGING_HEADER = "tasklist-app-Bridging-Header.h";
				SWIFT_VERSION = 3.0;
			};
			name = Release;
		};
		CFC48D5E21E0F0D800DE82EA /* Debug */ = {
			isa = XCBuildConfiguration;
			baseConfigurationReference = 46834A48C6AECD8C8016F42D /* Pods-tasklist-appTests.debug.xcconfig */;
			buildSettings = {
				BUNDLE_LOADER = "$(TEST_HOST)";
				INFOPLIST_FILE = "tasklist-appTests/Info.plist";
				LD_RUNPATH_SEARCH_PATHS = "$(inherited) @executable_path/Frameworks @loader_path/Frameworks";
				PRODUCT_BUNDLE_IDENTIFIER = "omg.tasklist-appTests";
				PRODUCT_NAME = "$(TARGET_NAME)";
				SWIFT_VERSION = 3.0;
				TEST_HOST = "$(BUILT_PRODUCTS_DIR)/tasklist-app.app/tasklist-app";
			};
			name = Debug;
		};
		CFC48D5F21E0F0D800DE82EA /* Release */ = {
			isa = XCBuildConfiguration;
			baseConfigurationReference = 6DC34CCBCD051AD66DC1A200 /* Pods-tasklist-appTests.release.xcconfig */;
			buildSettings = {
				BUNDLE_LOADER = "$(TEST_HOST)";
				INFOPLIST_FILE = "tasklist-appTests/Info.plist";
				LD_RUNPATH_SEARCH_PATHS = "$(inherited) @executable_path/Frameworks @loader_path/Frameworks";
				PRODUCT_BUNDLE_IDENTIFIER = "omg.tasklist-appTests";
				PRODUCT_NAME = "$(TARGET_NAME)";
				SWIFT_VERSION = 3.0;
				TEST_HOST = "$(BUILT_PRODUCTS_DIR)/tasklist-app.app/tasklist-app";
			};
			name = Release;
		};
/* End XCBuildConfiguration section */

/* Begin XCConfigurationList section */
		CFC48D3521E0F0D800DE82EA /* Build configuration list for PBXProject "tasklist-app" */ = {
			isa = XCConfigurationList;
			buildConfigurations = (
				CFC48D5821E0F0D800DE82EA /* Debug */,
				CFC48D5921E0F0D800DE82EA /* Release */,
			);
			defaultConfigurationIsVisible = 0;
			defaultConfigurationName = Release;
		};
		CFC48D5A21E0F0D800DE82EA /* Build configuration list for PBXNativeTarget "tasklist-app" */ = {
			isa = XCConfigurationList;
			buildConfigurations = (
				CFC48D5B21E0F0D800DE82EA /* Debug */,
				CFC48D5C21E0F0D800DE82EA /* Release */,
			);
			defaultConfigurationIsVisible = 0;
			defaultConfigurationName = Release;
		};
		CFC48D5D21E0F0D800DE82EA /* Build configuration list for PBXNativeTarget "tasklist-appTests" */ = {
			isa = XCConfigurationList;
			buildConfigurations = (
				CFC48D5E21E0F0D800DE82EA /* Debug */,
				CFC48D5F21E0F0D800DE82EA /* Release */,
			);
			defaultConfigurationIsVisible = 0;
			defaultConfigurationName = Release;
		};
/* End XCConfigurationList section */

/* Begin XCVersionGroup section */
		CFDD02F721E1012A000F3FE1 /* tasklist_app.xcdatamodeld */ = {
			isa = XCVersionGroup;
			children = (
				CFDD02F821E1012A000F3FE1 /* tasklist_app.xcdatamodel */,
			);
			currentVersion = CFDD02F821E1012A000F3FE1 /* tasklist_app.xcdatamodel */;
			path = tasklist_app.xcdatamodeld;
			sourceTree = "<group>";
			versionGroupType = wrapper.xcdatamodel;
		};
/* End XCVersionGroup section */
	};
	rootObject = CFC48D3221E0F0D800DE82EA /* Project object */;
}
